
Microsoft Visual Studio Solution File, Format Version 12.00
Project("{FAE04EC0-301F-11D3-BF4B-00C04F79EFBC}") = "CSharpApiExtractor", "CSharpApiExtractor\CSharpApiExtractor.csproj", "{DD811075-E7D5-409B-9BA6-98517E5755C5}"
EndProject
Project("{FAE04EC0-301F-11D3-BF4B-00C04F79EFBC}") = "SilkJson", "SilkJson\SilkJson.csproj", "{200DC37E-8110-4574-8775-612287D1EE0A}"
EndProject
Project("{FAE04EC0-301F-11D3-BF4B-00C04F79EFBC}") = "CSharpApiExtractor.Example", "CSharpApiExtractor.Example\CSharpApiExtractor.Example.csproj", "{CE6E5D6B-9F47-41F2-879A-64CAD8817781}"
EndProject
Global
	GlobalSection(SolutionConfigurationPlatforms) = preSolution
		Debug|Any CPU = Debug|Any CPU
		Debug|x64 = Debug|x64
		Debug|x86 = Debug|x86
		Release|Any CPU = Release|Any CPU
		Release|x64 = Release|x64
		Release|x86 = Release|x86
	EndGlobalSection
	GlobalSection(ProjectConfigurationPlatforms) = postSolution
		{DD811075-E7D5-409B-9BA6-98517E5755C5}.Debug|Any CPU.ActiveCfg = Debug|Any CPU
		{DD811075-E7D5-409B-9BA6-98517E5755C5}.Debug|Any CPU.Build.0 = Debug|Any CPU
		{DD811075-E7D5-409B-9BA6-98517E5755C5}.Debug|x64.ActiveCfg = Debug|Any CPU
		{DD811075-E7D5-409B-9BA6-98517E5755C5}.Debug|x64.Build.0 = Debug|Any CPU
		{DD811075-E7D5-409B-9BA6-98517E5755C5}.Debug|x86.ActiveCfg = Debug|Any CPU
		{DD811075-E7D5-409B-9BA6-98517E5755C5}.Debug|x86.Build.0 = Debug|Any CPU
		{DD811075-E7D5-409B-9BA6-98517E5755C5}.Release|Any CPU.ActiveCfg = Release|Any CPU
		{DD811075-E7D5-409B-9BA6-98517E5755C5}.Release|Any CPU.Build.0 = Release|Any CPU
		{DD811075-E7D5-409B-9BA6-98517E5755C5}.Release|x64.ActiveCfg = Release|Any CPU
		{DD811075-E7D5-409B-9BA6-98517E5755C5}.Release|x64.Build.0 = Release|Any CPU
		{DD811075-E7D5-409B-9BA6-98517E5755C5}.Release|x86.ActiveCfg = Release|Any CPU
		{DD811075-E7D5-409B-9BA6-98517E5755C5}.Release|x86.Build.0 = Release|Any CPU
		{200DC37E-8110-4574-8775-612287D1EE0A}.Debug|Any CPU.ActiveCfg = Debug|Any CPU
		{200DC37E-8110-4574-8775-612287D1EE0A}.Debug|Any CPU.Build.0 = Debug|Any CPU
		{200DC37E-8110-4574-8775-612287D1EE0A}.Debug|x64.ActiveCfg = Debug|Any CPU
		{200DC37E-8110-4574-8775-612287D1EE0A}.Debug|x64.Build.0 = Debug|Any CPU
		{200DC37E-8110-4574-8775-612287D1EE0A}.Debug|x86.ActiveCfg = Debug|Any CPU
		{200DC37E-8110-4574-8775-612287D1EE0A}.Debug|x86.Build.0 = Debug|Any CPU
		{200DC37E-8110-4574-8775-612287D1EE0A}.Release|Any CPU.ActiveCfg = Release|Any CPU
		{200DC37E-8110-4574-8775-612287D1EE0A}.Release|Any CPU.Build.0 = Release|Any CPU
		{200DC37E-8110-4574-8775-612287D1EE0A}.Release|x64.ActiveCfg = Release|Any CPU
		{200DC37E-8110-4574-8775-612287D1EE0A}.Release|x64.Build.0 = Release|Any CPU
		{200DC37E-8110-4574-8775-612287D1EE0A}.Release|x86.ActiveCfg = Release|Any CPU
		{200DC37E-8110-4574-8775-612287D1EE0A}.Release|x86.Build.0 = Release|Any CPU
		{CE6E5D6B-9F47-41F2-879A-64CAD8817781}.Debug|Any CPU.ActiveCfg = Debug|Any CPU
		{CE6E5D6B-9F47-41F2-879A-64CAD8817781}.Debug|Any CPU.Build.0 = Debug|Any CPU
		{CE6E5D6B-9F47-41F2-879A-64CAD8817781}.Debug|x64.ActiveCfg = Debug|Any CPU
		{CE6E5D6B-9F47-41F2-879A-64CAD8817781}.Debug|x64.Build.0 = Debug|Any CPU
		{CE6E5D6B-9F47-41F2-879A-64CAD8817781}.Debug|x86.ActiveCfg = Debug|Any CPU
		{CE6E5D6B-9F47-41F2-879A-64CAD8817781}.Debug|x86.Build.0 = Debug|Any CPU
		{CE6E5D6B-9F47-41F2-879A-64CAD8817781}.Release|Any CPU.ActiveCfg = Release|Any CPU
		{CE6E5D6B-9F47-41F2-879A-64CAD8817781}.Release|Any CPU.Build.0 = Release|Any CPU
		{CE6E5D6B-9F47-41F2-879A-64CAD8817781}.Release|x64.ActiveCfg = Release|Any CPU
		{CE6E5D6B-9F47-41F2-879A-64CAD8817781}.Release|x64.Build.0 = Release|Any CPU
		{CE6E5D6B-9F47-41F2-879A-64CAD8817781}.Release|x86.ActiveCfg = Release|Any CPU
		{CE6E5D6B-9F47-41F2-879A-64CAD8817781}.Release|x86.Build.0 = Release|Any CPU
	EndGlobalSection
	GlobalSection(SolutionProperties) = preSolution
		HideSolutionNode = FALSE
	EndGlobalSection
EndGlobal
